
Microsoft Visual Studio Solution File, Format Version 12.00
# Visual Studio 14
VisualStudioVersion = 14.0.25420.1
MinimumVisualStudioVersion = 10.0.40219.1
Project("{FAE04EC0-301F-11D3-BF4B-00C04F79EFBC}") = "XServices", "XServices\XServices\XServices.csproj", "{97020072-7AD4-479B-B59D-A57DE1AF7C35}"
EndProject
Project("{FAE04EC0-301F-11D3-BF4B-00C04F79EFBC}") = "XServices.Droid", "XServices\XServices.Droid\XServices.Droid.csproj", "{E82C662C-9B6E-47E6-B801-1FD8E3E90988}"
EndProject
Project("{FAE04EC0-301F-11D3-BF4B-00C04F79EFBC}") = "XServices.iOS", "XServices\XServices.iOS\XServices.iOS.csproj", "{90BA9364-2782-4A77-8D7D-486FF4E69525}"
EndProject
Project("{FAE04EC0-301F-11D3-BF4B-00C04F79EFBC}") = "XServices.WinPhone", "XServices\XServices.WinPhone\XServices.WinPhone.csproj", "{30D274EB-702E-4D58-8BF9-A81F1A9A74BB}"
EndProject
Project("{FAE04EC0-301F-11D3-BF4B-00C04F79EFBC}") = "XServices.UWP", "XServices\XServices.UWP\XServices.UWP.csproj", "{53841DDE-58CB-47BF-9CCD-7E245F4AB869}"
EndProject
Project("{FAE04EC0-301F-11D3-BF4B-00C04F79EFBC}") = "XServices.Windows", "XServices\XServices.Windows\XServices.Windows.csproj", "{7B6E3B57-7286-4766-BEED-7278984EEECE}"
EndProject
Global
	GlobalSection(SolutionConfigurationPlatforms) = preSolution
		Ad-Hoc|Any CPU = Ad-Hoc|Any CPU
		Ad-Hoc|ARM = Ad-Hoc|ARM
		Ad-Hoc|iPhone = Ad-Hoc|iPhone
		Ad-Hoc|iPhoneSimulator = Ad-Hoc|iPhoneSimulator
		Ad-Hoc|x64 = Ad-Hoc|x64
		Ad-Hoc|x86 = Ad-Hoc|x86
		AppStore|Any CPU = AppStore|Any CPU
		AppStore|ARM = AppStore|ARM
		AppStore|iPhone = AppStore|iPhone
		AppStore|iPhoneSimulator = AppStore|iPhoneSimulator
		AppStore|x64 = AppStore|x64
		AppStore|x86 = AppStore|x86
		Debug|Any CPU = Debug|Any CPU
		Debug|ARM = Debug|ARM
		Debug|iPhone = Debug|iPhone
		Debug|iPhoneSimulator = Debug|iPhoneSimulator
		Debug|x64 = Debug|x64
		Debug|x86 = Debug|x86
		Release|Any CPU = Release|Any CPU
		Release|ARM = Release|ARM
		Release|iPhone = Release|iPhone
		Release|iPhoneSimulator = Release|iPhoneSimulator
		Release|x64 = Release|x64
		Release|x86 = Release|x86
	EndGlobalSection
	GlobalSection(ProjectConfigurationPlatforms) = postSolution
		{97020072-7AD4-479B-B59D-A57DE1AF7C35}.Ad-Hoc|Any CPU.ActiveCfg = Release|Any CPU
		{97020072-7AD4-479B-B59D-A57DE1AF7C35}.Ad-Hoc|Any CPU.Build.0 = Release|Any CPU
		{97020072-7AD4-479B-B59D-A57DE1AF7C35}.Ad-Hoc|ARM.ActiveCfg = Release|Any CPU
		{97020072-7AD4-479B-B59D-A57DE1AF7C35}.Ad-Hoc|ARM.Build.0 = Release|Any CPU
		{97020072-7AD4-479B-B59D-A57DE1AF7C35}.Ad-Hoc|iPhone.ActiveCfg = Release|Any CPU
		{97020072-7AD4-479B-B59D-A57DE1AF7C35}.Ad-Hoc|iPhone.Build.0 = Release|Any CPU
		{97020072-7AD4-479B-B59D-A57DE1AF7C35}.Ad-Hoc|iPhoneSimulator.ActiveCfg = Release|Any CPU
		{97020072-7AD4-479B-B59D-A57DE1AF7C35}.Ad-Hoc|iPhoneSimulator.Build.0 = Release|Any CPU
		{97020072-7AD4-479B-B59D-A57DE1AF7C35}.Ad-Hoc|x64.ActiveCfg = Release|Any CPU
		{97020072-7AD4-479B-B59D-A57DE1AF7C35}.Ad-Hoc|x64.Build.0 = Release|Any CPU
		{97020072-7AD4-479B-B59D-A57DE1AF7C35}.Ad-Hoc|x86.ActiveCfg = Release|Any CPU
		{97020072-7AD4-479B-B59D-A57DE1AF7C35}.Ad-Hoc|x86.Build.0 = Release|Any CPU
		{97020072-7AD4-479B-B59D-A57DE1AF7C35}.AppStore|Any CPU.ActiveCfg = Release|Any CPU
		{97020072-7AD4-479B-B59D-A57DE1AF7C35}.AppStore|Any CPU.Build.0 = Release|Any CPU
		{97020072-7AD4-479B-B59D-A57DE1AF7C35}.AppStore|ARM.ActiveCfg = Release|Any CPU
		{97020072-7AD4-479B-B59D-A57DE1AF7C35}.AppStore|ARM.Build.0 = Release|Any CPU
		{97020072-7AD4-479B-B59D-A57DE1AF7C35}.AppStore|iPhone.ActiveCfg = Release|Any CPU
		{97020072-7AD4-479B-B59D-A57DE1AF7C35}.AppStore|iPhone.Build.0 = Release|Any CPU
		{97020072-7AD4-479B-B59D-A57DE1AF7C35}.AppStore|iPhoneSimulator.ActiveCfg = Release|Any CPU
		{97020072-7AD4-479B-B59D-A57DE1AF7C35}.AppStore|iPhoneSimulator.Build.0 = Release|Any CPU
		{97020072-7AD4-479B-B59D-A57DE1AF7C35}.AppStore|x64.ActiveCfg = Release|Any CPU
		{97020072-7AD4-479B-B59D-A57DE1AF7C35}.AppStore|x64.Build.0 = Release|Any CPU
		{97020072-7AD4-479B-B59D-A57DE1AF7C35}.AppStore|x86.ActiveCfg = Release|Any CPU
		{97020072-7AD4-479B-B59D-A57DE1AF7C35}.AppStore|x86.Build.0 = Release|Any CPU
		{97020072-7AD4-479B-B59D-A57DE1AF7C35}.Debug|Any CPU.ActiveCfg = Debug|Any CPU
		{97020072-7AD4-479B-B59D-A57DE1AF7C35}.Debug|Any CPU.Build.0 = Debug|Any CPU
		{97020072-7AD4-479B-B59D-A57DE1AF7C35}.Debug|ARM.ActiveCfg = Debug|Any CPU
		{97020072-7AD4-479B-B59D-A57DE1AF7C35}.Debug|ARM.Build.0 = Debug|Any CPU
		{97020072-7AD4-479B-B59D-A57DE1AF7C35}.Debug|iPhone.ActiveCfg = Debug|Any CPU
		{97020072-7AD4-479B-B59D-A57DE1AF7C35}.Debug|iPhone.Build.0 = Debug|Any CPU
		{97020072-7AD4-479B-B59D-A57DE1AF7C35}.Debug|iPhoneSimulator.ActiveCfg = Debug|Any CPU
		{97020072-7AD4-479B-B59D-A57DE1AF7C35}.Debug|iPhoneSimulator.Build.0 = Debug|Any CPU
		{97020072-7AD4-479B-B59D-A57DE1AF7C35}.Debug|x64.ActiveCfg = Debug|Any CPU
		{97020072-7AD4-479B-B59D-A57DE1AF7C35}.Debug|x64.Build.0 = Debug|Any CPU
		{97020072-7AD4-479B-B59D-A57DE1AF7C35}.Debug|x86.ActiveCfg = Debug|Any CPU
		{97020072-7AD4-479B-B59D-A57DE1AF7C35}.Debug|x86.Build.0 = Debug|Any CPU
		{97020072-7AD4-479B-B59D-A57DE1AF7C35}.Release|Any CPU.ActiveCfg = Release|Any CPU
		{97020072-7AD4-479B-B59D-A57DE1AF7C35}.Release|Any CPU.Build.0 = Release|Any CPU
		{97020072-7AD4-479B-B59D-A57DE1AF7C35}.Release|ARM.ActiveCfg = Release|Any CPU
		{97020072-7AD4-479B-B59D-A57DE1AF7C35}.Release|ARM.Build.0 = Release|Any CPU
		{97020072-7AD4-479B-B59D-A57DE1AF7C35}.Release|iPhone.ActiveCfg = Release|Any CPU
		{97020072-7AD4-479B-B59D-A57DE1AF7C35}.Release|iPhone.Build.0 = Release|Any CPU
		{97020072-7AD4-479B-B59D-A57DE1AF7C35}.Release|iPhoneSimulator.ActiveCfg = Release|Any CPU
		{97020072-7AD4-479B-B59D-A57DE1AF7C35}.Release|iPhoneSimulator.Build.0 = Release|Any CPU
		{97020072-7AD4-479B-B59D-A57DE1AF7C35}.Release|x64.ActiveCfg = Release|Any CPU
		{97020072-7AD4-479B-B59D-A57DE1AF7C35}.Release|x64.Build.0 = Release|Any CPU
		{97020072-7AD4-479B-B59D-A57DE1AF7C35}.Release|x86.ActiveCfg = Release|Any CPU
		{97020072-7AD4-479B-B59D-A57DE1AF7C35}.Release|x86.Build.0 = Release|Any CPU
		{E82C662C-9B6E-47E6-B801-1FD8E3E90988}.Ad-Hoc|Any CPU.ActiveCfg = Release|Any CPU
		{E82C662C-9B6E-47E6-B801-1FD8E3E90988}.Ad-Hoc|Any CPU.Build.0 = Release|Any CPU
		{E82C662C-9B6E-47E6-B801-1FD8E3E90988}.Ad-Hoc|Any CPU.Deploy.0 = Release|Any CPU
		{E82C662C-9B6E-47E6-B801-1FD8E3E90988}.Ad-Hoc|ARM.ActiveCfg = Release|Any CPU
		{E82C662C-9B6E-47E6-B801-1FD8E3E90988}.Ad-Hoc|ARM.Build.0 = Release|Any CPU
		{E82C662C-9B6E-47E6-B801-1FD8E3E90988}.Ad-Hoc|ARM.Deploy.0 = Release|Any CPU
		{E82C662C-9B6E-47E6-B801-1FD8E3E90988}.Ad-Hoc|iPhone.ActiveCfg = Release|Any CPU
		{E82C662C-9B6E-47E6-B801-1FD8E3E90988}.Ad-Hoc|iPhone.Build.0 = Release|Any CPU
		{E82C662C-9B6E-47E6-B801-1FD8E3E90988}.Ad-Hoc|iPhone.Deploy.0 = Release|Any CPU
		{E82C662C-9B6E-47E6-B801-1FD8E3E90988}.Ad-Hoc|iPhoneSimulator.ActiveCfg = Release|Any CPU
		{E82C662C-9B6E-47E6-B801-1FD8E3E90988}.Ad-Hoc|iPhoneSimulator.Build.0 = Release|Any CPU
		{E82C662C-9B6E-47E6-B801-1FD8E3E90988}.Ad-Hoc|iPhoneSimulator.Deploy.0 = Release|Any CPU
		{E82C662C-9B6E-47E6-B801-1FD8E3E90988}.Ad-Hoc|x64.ActiveCfg = Release|Any CPU
		{E82C662C-9B6E-47E6-B801-1FD8E3E90988}.Ad-Hoc|x64.Build.0 = Release|Any CPU
		{E82C662C-9B6E-47E6-B801-1FD8E3E90988}.Ad-Hoc|x64.Deploy.0 = Release|Any CPU
		{E82C662C-9B6E-47E6-B801-1FD8E3E90988}.Ad-Hoc|x86.ActiveCfg = Release|Any CPU
		{E82C662C-9B6E-47E6-B801-1FD8E3E90988}.Ad-Hoc|x86.Build.0 = Release|Any CPU
		{E82C662C-9B6E-47E6-B801-1FD8E3E90988}.Ad-Hoc|x86.Deploy.0 = Release|Any CPU
		{E82C662C-9B6E-47E6-B801-1FD8E3E90988}.AppStore|Any CPU.ActiveCfg = Release|Any CPU
		{E82C662C-9B6E-47E6-B801-1FD8E3E90988}.AppStore|Any CPU.Build.0 = Release|Any CPU
		{E82C662C-9B6E-47E6-B801-1FD8E3E90988}.AppStore|Any CPU.Deploy.0 = Release|Any CPU
		{E82C662C-9B6E-47E6-B801-1FD8E3E90988}.AppStore|ARM.ActiveCfg = Release|Any CPU
		{E82C662C-9B6E-47E6-B801-1FD8E3E90988}.AppStore|ARM.Build.0 = Release|Any CPU
		{E82C662C-9B6E-47E6-B801-1FD8E3E90988}.AppStore|ARM.Deploy.0 = Release|Any CPU
		{E82C662C-9B6E-47E6-B801-1FD8E3E90988}.AppStore|iPhone.ActiveCfg = Release|Any CPU
		{E82C662C-9B6E-47E6-B801-1FD8E3E90988}.AppStore|iPhone.Build.0 = Release|Any CPU
		{E82C662C-9B6E-47E6-B801-1FD8E3E90988}.AppStore|iPhone.Deploy.0 = Release|Any CPU
		{E82C662C-9B6E-47E6-B801-1FD8E3E90988}.AppStore|iPhoneSimulator.ActiveCfg = Release|Any CPU
		{E82C662C-9B6E-47E6-B801-1FD8E3E90988}.AppStore|iPhoneSimulator.Build.0 = Release|Any CPU
		{E82C662C-9B6E-47E6-B801-1FD8E3E90988}.AppStore|iPhoneSimulator.Deploy.0 = Release|Any CPU
		{E82C662C-9B6E-47E6-B801-1FD8E3E90988}.AppStore|x64.ActiveCfg = Release|Any CPU
		{E82C662C-9B6E-47E6-B801-1FD8E3E90988}.AppStore|x64.Build.0 = Release|Any CPU
		{E82C662C-9B6E-47E6-B801-1FD8E3E90988}.AppStore|x64.Deploy.0 = Release|Any CPU
		{E82C662C-9B6E-47E6-B801-1FD8E3E90988}.AppStore|x86.ActiveCfg = Release|Any CPU
		{E82C662C-9B6E-47E6-B801-1FD8E3E90988}.AppStore|x86.Build.0 = Release|Any CPU
		{E82C662C-9B6E-47E6-B801-1FD8E3E90988}.AppStore|x86.Deploy.0 = Release|Any CPU
		{E82C662C-9B6E-47E6-B801-1FD8E3E90988}.Debug|Any CPU.ActiveCfg = Debug|Any CPU
		{E82C662C-9B6E-47E6-B801-1FD8E3E90988}.Debug|Any CPU.Build.0 = Debug|Any CPU
		{E82C662C-9B6E-47E6-B801-1FD8E3E90988}.Debug|Any CPU.Deploy.0 = Debug|Any CPU
		{E82C662C-9B6E-47E6-B801-1FD8E3E90988}.Debug|ARM.ActiveCfg = Debug|Any CPU
		{E82C662C-9B6E-47E6-B801-1FD8E3E90988}.Debug|ARM.Build.0 = Debug|Any CPU
		{E82C662C-9B6E-47E6-B801-1FD8E3E90988}.Debug|ARM.Deploy.0 = Debug|Any CPU
		{E82C662C-9B6E-47E6-B801-1FD8E3E90988}.Debug|iPhone.ActiveCfg = Debug|Any CPU
		{E82C662C-9B6E-47E6-B801-1FD8E3E90988}.Debug|iPhone.Build.0 = Debug|Any CPU
		{E82C662C-9B6E-47E6-B801-1FD8E3E90988}.Debug|iPhone.Deploy.0 = Debug|Any CPU
		{E82C662C-9B6E-47E6-B801-1FD8E3E90988}.Debug|iPhoneSimulator.ActiveCfg = Debug|Any CPU
		{E82C662C-9B6E-47E6-B801-1FD8E3E90988}.Debug|iPhoneSimulator.Build.0 = Debug|Any CPU
		{E82C662C-9B6E-47E6-B801-1FD8E3E90988}.Debug|iPhoneSimulator.Deploy.0 = Debug|Any CPU
		{E82C662C-9B6E-47E6-B801-1FD8E3E90988}.Debug|x64.ActiveCfg = Debug|Any CPU
		{E82C662C-9B6E-47E6-B801-1FD8E3E90988}.Debug|x64.Build.0 = Debug|Any CPU
		{E82C662C-9B6E-47E6-B801-1FD8E3E90988}.Debug|x64.Deploy.0 = Debug|Any CPU
		{E82C662C-9B6E-47E6-B801-1FD8E3E90988}.Debug|x86.ActiveCfg = Debug|Any CPU
		{E82C662C-9B6E-47E6-B801-1FD8E3E90988}.Debug|x86.Build.0 = Debug|Any CPU
		{E82C662C-9B6E-47E6-B801-1FD8E3E90988}.Debug|x86.Deploy.0 = Debug|Any CPU
		{E82C662C-9B6E-47E6-B801-1FD8E3E90988}.Release|Any CPU.ActiveCfg = Release|Any CPU
		{E82C662C-9B6E-47E6-B801-1FD8E3E90988}.Release|Any CPU.Build.0 = Release|Any CPU
		{E82C662C-9B6E-47E6-B801-1FD8E3E90988}.Release|Any CPU.Deploy.0 = Release|Any CPU
		{E82C662C-9B6E-47E6-B801-1FD8E3E90988}.Release|ARM.ActiveCfg = Release|Any CPU
		{E82C662C-9B6E-47E6-B801-1FD8E3E90988}.Release|ARM.Build.0 = Release|Any CPU
		{E82C662C-9B6E-47E6-B801-1FD8E3E90988}.Release|ARM.Deploy.0 = Release|Any CPU
		{E82C662C-9B6E-47E6-B801-1FD8E3E90988}.Release|iPhone.ActiveCfg = Release|Any CPU
		{E82C662C-9B6E-47E6-B801-1FD8E3E90988}.Release|iPhone.Build.0 = Release|Any CPU
		{E82C662C-9B6E-47E6-B801-1FD8E3E90988}.Release|iPhone.Deploy.0 = Release|Any CPU
		{E82C662C-9B6E-47E6-B801-1FD8E3E90988}.Release|iPhoneSimulator.ActiveCfg = Release|Any CPU
		{E82C662C-9B6E-47E6-B801-1FD8E3E90988}.Release|iPhoneSimulator.Build.0 = Release|Any CPU
		{E82C662C-9B6E-47E6-B801-1FD8E3E90988}.Release|iPhoneSimulator.Deploy.0 = Release|Any CPU
		{E82C662C-9B6E-47E6-B801-1FD8E3E90988}.Release|x64.ActiveCfg = Release|Any CPU
		{E82C662C-9B6E-47E6-B801-1FD8E3E90988}.Release|x64.Build.0 = Release|Any CPU
		{E82C662C-9B6E-47E6-B801-1FD8E3E90988}.Release|x64.Deploy.0 = Release|Any CPU
		{E82C662C-9B6E-47E6-B801-1FD8E3E90988}.Release|x86.ActiveCfg = Release|Any CPU
		{E82C662C-9B6E-47E6-B801-1FD8E3E90988}.Release|x86.Build.0 = Release|Any CPU
		{E82C662C-9B6E-47E6-B801-1FD8E3E90988}.Release|x86.Deploy.0 = Release|Any CPU
		{90BA9364-2782-4A77-8D7D-486FF4E69525}.Ad-Hoc|Any CPU.ActiveCfg = Ad-Hoc|iPhone
		{90BA9364-2782-4A77-8D7D-486FF4E69525}.Ad-Hoc|ARM.ActiveCfg = Ad-Hoc|iPhone
		{90BA9364-2782-4A77-8D7D-486FF4E69525}.Ad-Hoc|iPhone.ActiveCfg = Ad-Hoc|iPhone
		{90BA9364-2782-4A77-8D7D-486FF4E69525}.Ad-Hoc|iPhone.Build.0 = Ad-Hoc|iPhone
		{90BA9364-2782-4A77-8D7D-486FF4E69525}.Ad-Hoc|iPhoneSimulator.ActiveCfg = Ad-Hoc|iPhoneSimulator
		{90BA9364-2782-4A77-8D7D-486FF4E69525}.Ad-Hoc|iPhoneSimulator.Build.0 = Ad-Hoc|iPhoneSimulator
		{90BA9364-2782-4A77-8D7D-486FF4E69525}.Ad-Hoc|x64.ActiveCfg = Ad-Hoc|iPhone
		{90BA9364-2782-4A77-8D7D-486FF4E69525}.Ad-Hoc|x86.ActiveCfg = Ad-Hoc|iPhone
		{90BA9364-2782-4A77-8D7D-486FF4E69525}.AppStore|Any CPU.ActiveCfg = AppStore|iPhone
		{90BA9364-2782-4A77-8D7D-486FF4E69525}.AppStore|ARM.ActiveCfg = AppStore|iPhone
		{90BA9364-2782-4A77-8D7D-486FF4E69525}.AppStore|iPhone.ActiveCfg = AppStore|iPhone
		{90BA9364-2782-4A77-8D7D-486FF4E69525}.AppStore|iPhone.Build.0 = AppStore|iPhone
		{90BA9364-2782-4A77-8D7D-486FF4E69525}.AppStore|iPhoneSimulator.ActiveCfg = AppStore|iPhoneSimulator
		{90BA9364-2782-4A77-8D7D-486FF4E69525}.AppStore|iPhoneSimulator.Build.0 = AppStore|iPhoneSimulator
		{90BA9364-2782-4A77-8D7D-486FF4E69525}.AppStore|x64.ActiveCfg = AppStore|iPhone
		{90BA9364-2782-4A77-8D7D-486FF4E69525}.AppStore|x86.ActiveCfg = AppStore|iPhone
		{90BA9364-2782-4A77-8D7D-486FF4E69525}.Debug|Any CPU.ActiveCfg = Debug|iPhone
		{90BA9364-2782-4A77-8D7D-486FF4E69525}.Debug|ARM.ActiveCfg = Debug|iPhone
		{90BA9364-2782-4A77-8D7D-486FF4E69525}.Debug|iPhone.ActiveCfg = Debug|iPhone
		{90BA9364-2782-4A77-8D7D-486FF4E69525}.Debug|iPhone.Build.0 = Debug|iPhone
		{90BA9364-2782-4A77-8D7D-486FF4E69525}.Debug|iPhoneSimulator.ActiveCfg = Debug|iPhoneSimulator
		{90BA9364-2782-4A77-8D7D-486FF4E69525}.Debug|iPhoneSimulator.Build.0 = Debug|iPhoneSimulator
		{90BA9364-2782-4A77-8D7D-486FF4E69525}.Debug|x64.ActiveCfg = Debug|iPhone
		{90BA9364-2782-4A77-8D7D-486FF4E69525}.Debug|x86.ActiveCfg = Debug|iPhone
		{90BA9364-2782-4A77-8D7D-486FF4E69525}.Release|Any CPU.ActiveCfg = Release|iPhone
		{90BA9364-2782-4A77-8D7D-486FF4E69525}.Release|ARM.ActiveCfg = Release|iPhone
		{90BA9364-2782-4A77-8D7D-486FF4E69525}.Release|iPhone.ActiveCfg = Release|iPhone
		{90BA9364-2782-4A77-8D7D-486FF4E69525}.Release|iPhone.Build.0 = Release|iPhone
		{90BA9364-2782-4A77-8D7D-486FF4E69525}.Release|iPhoneSimulator.ActiveCfg = Release|iPhoneSimulator
		{90BA9364-2782-4A77-8D7D-486FF4E69525}.Release|iPhoneSimulator.Build.0 = Release|iPhoneSimulator
		{90BA9364-2782-4A77-8D7D-486FF4E69525}.Release|x64.ActiveCfg = Release|iPhone
		{90BA9364-2782-4A77-8D7D-486FF4E69525}.Release|x86.ActiveCfg = Release|iPhone
		{30D274EB-702E-4D58-8BF9-A81F1A9A74BB}.Ad-Hoc|Any CPU.ActiveCfg = Release|Any CPU
		{30D274EB-702E-4D58-8BF9-A81F1A9A74BB}.Ad-Hoc|Any CPU.Build.0 = Release|Any CPU
		{30D274EB-702E-4D58-8BF9-A81F1A9A74BB}.Ad-Hoc|Any CPU.Deploy.0 = Release|Any CPU
		{30D274EB-702E-4D58-8BF9-A81F1A9A74BB}.Ad-Hoc|ARM.ActiveCfg = Release|ARM
		{30D274EB-702E-4D58-8BF9-A81F1A9A74BB}.Ad-Hoc|ARM.Build.0 = Release|ARM
		{30D274EB-702E-4D58-8BF9-A81F1A9A74BB}.Ad-Hoc|ARM.Deploy.0 = Release|ARM
		{30D274EB-702E-4D58-8BF9-A81F1A9A74BB}.Ad-Hoc|iPhone.ActiveCfg = Release|Any CPU
		{30D274EB-702E-4D58-8BF9-A81F1A9A74BB}.Ad-Hoc|iPhone.Build.0 = Release|Any CPU
		{30D274EB-702E-4D58-8BF9-A81F1A9A74BB}.Ad-Hoc|iPhone.Deploy.0 = Release|Any CPU
		{30D274EB-702E-4D58-8BF9-A81F1A9A74BB}.Ad-Hoc|iPhoneSimulator.ActiveCfg = Release|Any CPU
		{30D274EB-702E-4D58-8BF9-A81F1A9A74BB}.Ad-Hoc|iPhoneSimulator.Build.0 = Release|Any CPU
		{30D274EB-702E-4D58-8BF9-A81F1A9A74BB}.Ad-Hoc|iPhoneSimulator.Deploy.0 = Release|Any CPU
		{30D274EB-702E-4D58-8BF9-A81F1A9A74BB}.Ad-Hoc|x64.ActiveCfg = Release|Any CPU
		{30D274EB-702E-4D58-8BF9-A81F1A9A74BB}.Ad-Hoc|x64.Build.0 = Release|Any CPU
		{30D274EB-702E-4D58-8BF9-A81F1A9A74BB}.Ad-Hoc|x64.Deploy.0 = Release|Any CPU
		{30D274EB-702E-4D58-8BF9-A81F1A9A74BB}.Ad-Hoc|x86.ActiveCfg = Release|x86
		{30D274EB-702E-4D58-8BF9-A81F1A9A74BB}.Ad-Hoc|x86.Build.0 = Release|x86
		{30D274EB-702E-4D58-8BF9-A81F1A9A74BB}.Ad-Hoc|x86.Deploy.0 = Release|x86
		{30D274EB-702E-4D58-8BF9-A81F1A9A74BB}.AppStore|Any CPU.ActiveCfg = Release|Any CPU
		{30D274EB-702E-4D58-8BF9-A81F1A9A74BB}.AppStore|Any CPU.Build.0 = Release|Any CPU
		{30D274EB-702E-4D58-8BF9-A81F1A9A74BB}.AppStore|Any CPU.Deploy.0 = Release|Any CPU
		{30D274EB-702E-4D58-8BF9-A81F1A9A74BB}.AppStore|ARM.ActiveCfg = Release|ARM
		{30D274EB-702E-4D58-8BF9-A81F1A9A74BB}.AppStore|ARM.Build.0 = Release|ARM
		{30D274EB-702E-4D58-8BF9-A81F1A9A74BB}.AppStore|ARM.Deploy.0 = Release|ARM
		{30D274EB-702E-4D58-8BF9-A81F1A9A74BB}.AppStore|iPhone.ActiveCfg = Release|Any CPU
		{30D274EB-702E-4D58-8BF9-A81F1A9A74BB}.AppStore|iPhone.Build.0 = Release|Any CPU
		{30D274EB-702E-4D58-8BF9-A81F1A9A74BB}.AppStore|iPhone.Deploy.0 = Release|Any CPU
		{30D274EB-702E-4D58-8BF9-A81F1A9A74BB}.AppStore|iPhoneSimulator.ActiveCfg = Release|Any CPU
		{30D274EB-702E-4D58-8BF9-A81F1A9A74BB}.AppStore|iPhoneSimulator.Build.0 = Release|Any CPU
		{30D274EB-702E-4D58-8BF9-A81F1A9A74BB}.AppStore|iPhoneSimulator.Deploy.0 = Release|Any CPU
		{30D274EB-702E-4D58-8BF9-A81F1A9A74BB}.AppStore|x64.ActiveCfg = Release|Any CPU
		{30D274EB-702E-4D58-8BF9-A81F1A9A74BB}.AppStore|x64.Build.0 = Release|Any CPU
		{30D274EB-702E-4D58-8BF9-A81F1A9A74BB}.AppStore|x64.Deploy.0 = Release|Any CPU
		{30D274EB-702E-4D58-8BF9-A81F1A9A74BB}.AppStore|x86.ActiveCfg = Release|x86
		{30D274EB-702E-4D58-8BF9-A81F1A9A74BB}.AppStore|x86.Build.0 = Release|x86
		{30D274EB-702E-4D58-8BF9-A81F1A9A74BB}.AppStore|x86.Deploy.0 = Release|x86
		{30D274EB-702E-4D58-8BF9-A81F1A9A74BB}.Debug|Any CPU.ActiveCfg = Debug|Any CPU
		{30D274EB-702E-4D58-8BF9-A81F1A9A74BB}.Debug|ARM.ActiveCfg = Debug|ARM
		{30D274EB-702E-4D58-8BF9-A81F1A9A74BB}.Debug|ARM.Build.0 = Debug|ARM
		{30D274EB-702E-4D58-8BF9-A81F1A9A74BB}.Debug|ARM.Deploy.0 = Debug|ARM
		{30D274EB-702E-4D58-8BF9-A81F1A9A74BB}.Debug|iPhone.ActiveCfg = Debug|Any CPU
		{30D274EB-702E-4D58-8BF9-A81F1A9A74BB}.Debug|iPhone.Build.0 = Debug|Any CPU
		{30D274EB-702E-4D58-8BF9-A81F1A9A74BB}.Debug|iPhone.Deploy.0 = Debug|Any CPU
		{30D274EB-702E-4D58-8BF9-A81F1A9A74BB}.Debug|iPhoneSimulator.ActiveCfg = Debug|Any CPU
		{30D274EB-702E-4D58-8BF9-A81F1A9A74BB}.Debug|iPhoneSimulator.Build.0 = Debug|Any CPU
		{30D274EB-702E-4D58-8BF9-A81F1A9A74BB}.Debug|iPhoneSimulator.Deploy.0 = Debug|Any CPU
		{30D274EB-702E-4D58-8BF9-A81F1A9A74BB}.Debug|x64.ActiveCfg = Debug|Any CPU
		{30D274EB-702E-4D58-8BF9-A81F1A9A74BB}.Debug|x64.Build.0 = Debug|Any CPU
		{30D274EB-702E-4D58-8BF9-A81F1A9A74BB}.Debug|x64.Deploy.0 = Debug|Any CPU
		{30D274EB-702E-4D58-8BF9-A81F1A9A74BB}.Debug|x86.ActiveCfg = Debug|x86
		{30D274EB-702E-4D58-8BF9-A81F1A9A74BB}.Debug|x86.Build.0 = Debug|x86
		{30D274EB-702E-4D58-8BF9-A81F1A9A74BB}.Debug|x86.Deploy.0 = Debug|x86
		{30D274EB-702E-4D58-8BF9-A81F1A9A74BB}.Release|Any CPU.ActiveCfg = Release|Any CPU
		{30D274EB-702E-4D58-8BF9-A81F1A9A74BB}.Release|Any CPU.Build.0 = Release|Any CPU
		{30D274EB-702E-4D58-8BF9-A81F1A9A74BB}.Release|Any CPU.Deploy.0 = Release|Any CPU
		{30D274EB-702E-4D58-8BF9-A81F1A9A74BB}.Release|ARM.ActiveCfg = Release|ARM
		{30D274EB-702E-4D58-8BF9-A81F1A9A74BB}.Release|ARM.Build.0 = Release|ARM
		{30D274EB-702E-4D58-8BF9-A81F1A9A74BB}.Release|ARM.Deploy.0 = Release|ARM
		{30D274EB-702E-4D58-8BF9-A81F1A9A74BB}.Release|iPhone.ActiveCfg = Release|Any CPU
		{30D274EB-702E-4D58-8BF9-A81F1A9A74BB}.Release|iPhone.Build.0 = Release|Any CPU
		{30D274EB-702E-4D58-8BF9-A81F1A9A74BB}.Release|iPhone.Deploy.0 = Release|Any CPU
		{30D274EB-702E-4D58-8BF9-A81F1A9A74BB}.Release|iPhoneSimulator.ActiveCfg = Release|Any CPU
		{30D274EB-702E-4D58-8BF9-A81F1A9A74BB}.Release|iPhoneSimulator.Build.0 = Release|Any CPU
		{30D274EB-702E-4D58-8BF9-A81F1A9A74BB}.Release|iPhoneSimulator.Deploy.0 = Release|Any CPU
		{30D274EB-702E-4D58-8BF9-A81F1A9A74BB}.Release|x64.ActiveCfg = Release|Any CPU
		{30D274EB-702E-4D58-8BF9-A81F1A9A74BB}.Release|x64.Build.0 = Release|Any CPU
		{30D274EB-702E-4D58-8BF9-A81F1A9A74BB}.Release|x64.Deploy.0 = Release|Any CPU
		{30D274EB-702E-4D58-8BF9-A81F1A9A74BB}.Release|x86.ActiveCfg = Release|x86
		{30D274EB-702E-4D58-8BF9-A81F1A9A74BB}.Release|x86.Build.0 = Release|x86
		{30D274EB-702E-4D58-8BF9-A81F1A9A74BB}.Release|x86.Deploy.0 = Release|x86
		{53841DDE-58CB-47BF-9CCD-7E245F4AB869}.Ad-Hoc|Any CPU.ActiveCfg = Release|x86
		{53841DDE-58CB-47BF-9CCD-7E245F4AB869}.Ad-Hoc|Any CPU.Build.0 = Release|x86
		{53841DDE-58CB-47BF-9CCD-7E245F4AB869}.Ad-Hoc|Any CPU.Deploy.0 = Release|x86
		{53841DDE-58CB-47BF-9CCD-7E245F4AB869}.Ad-Hoc|ARM.ActiveCfg = Release|ARM
		{53841DDE-58CB-47BF-9CCD-7E245F4AB869}.Ad-Hoc|ARM.Build.0 = Release|ARM
		{53841DDE-58CB-47BF-9CCD-7E245F4AB869}.Ad-Hoc|ARM.Deploy.0 = Release|ARM
		{53841DDE-58CB-47BF-9CCD-7E245F4AB869}.Ad-Hoc|iPhone.ActiveCfg = Release|x86
		{53841DDE-58CB-47BF-9CCD-7E245F4AB869}.Ad-Hoc|iPhone.Build.0 = Release|x86
		{53841DDE-58CB-47BF-9CCD-7E245F4AB869}.Ad-Hoc|iPhone.Deploy.0 = Release|x86
		{53841DDE-58CB-47BF-9CCD-7E245F4AB869}.Ad-Hoc|iPhoneSimulator.ActiveCfg = Release|x86
		{53841DDE-58CB-47BF-9CCD-7E245F4AB869}.Ad-Hoc|iPhoneSimulator.Build.0 = Release|x86
		{53841DDE-58CB-47BF-9CCD-7E245F4AB869}.Ad-Hoc|iPhoneSimulator.Deploy.0 = Release|x86
		{53841DDE-58CB-47BF-9CCD-7E245F4AB869}.Ad-Hoc|x64.ActiveCfg = Release|x64
		{53841DDE-58CB-47BF-9CCD-7E245F4AB869}.Ad-Hoc|x64.Build.0 = Release|x64
		{53841DDE-58CB-47BF-9CCD-7E245F4AB869}.Ad-Hoc|x64.Deploy.0 = Release|x64
		{53841DDE-58CB-47BF-9CCD-7E245F4AB869}.Ad-Hoc|x86.ActiveCfg = Release|x86
		{53841DDE-58CB-47BF-9CCD-7E245F4AB869}.Ad-Hoc|x86.Build.0 = Release|x86
		{53841DDE-58CB-47BF-9CCD-7E245F4AB869}.Ad-Hoc|x86.Deploy.0 = Release|x86
		{53841DDE-58CB-47BF-9CCD-7E245F4AB869}.AppStore|Any CPU.ActiveCfg = Release|x86
		{53841DDE-58CB-47BF-9CCD-7E245F4AB869}.AppStore|Any CPU.Build.0 = Release|x86
		{53841DDE-58CB-47BF-9CCD-7E245F4AB869}.AppStore|Any CPU.Deploy.0 = Release|x86
		{53841DDE-58CB-47BF-9CCD-7E245F4AB869}.AppStore|ARM.ActiveCfg = Release|ARM
		{53841DDE-58CB-47BF-9CCD-7E245F4AB869}.AppStore|ARM.Build.0 = Release|ARM
		{53841DDE-58CB-47BF-9CCD-7E245F4AB869}.AppStore|ARM.Deploy.0 = Release|ARM
		{53841DDE-58CB-47BF-9CCD-7E245F4AB869}.AppStore|iPhone.ActiveCfg = Release|x86
		{53841DDE-58CB-47BF-9CCD-7E245F4AB869}.AppStore|iPhone.Build.0 = Release|x86
		{53841DDE-58CB-47BF-9CCD-7E245F4AB869}.AppStore|iPhone.Deploy.0 = Release|x86
		{53841DDE-58CB-47BF-9CCD-7E245F4AB869}.AppStore|iPhoneSimulator.ActiveCfg = Release|x86
		{53841DDE-58CB-47BF-9CCD-7E245F4AB869}.AppStore|iPhoneSimulator.Build.0 = Release|x86
		{53841DDE-58CB-47BF-9CCD-7E245F4AB869}.AppStore|iPhoneSimulator.Deploy.0 = Release|x86
		{53841DDE-58CB-47BF-9CCD-7E245F4AB869}.AppStore|x64.ActiveCfg = Release|x64
		{53841DDE-58CB-47BF-9CCD-7E245F4AB869}.AppStore|x64.Build.0 = Release|x64
		{53841DDE-58CB-47BF-9CCD-7E245F4AB869}.AppStore|x64.Deploy.0 = Release|x64
		{53841DDE-58CB-47BF-9CCD-7E245F4AB869}.AppStore|x86.ActiveCfg = Release|x86
		{53841DDE-58CB-47BF-9CCD-7E245F4AB869}.AppStore|x86.Build.0 = Release|x86
		{53841DDE-58CB-47BF-9CCD-7E245F4AB869}.AppStore|x86.Deploy.0 = Release|x86
		{53841DDE-58CB-47BF-9CCD-7E245F4AB869}.Debug|Any CPU.ActiveCfg = Debug|x86
		{53841DDE-58CB-47BF-9CCD-7E245F4AB869}.Debug|Any CPU.Build.0 = Debug|x86
		{53841DDE-58CB-47BF-9CCD-7E245F4AB869}.Debug|Any CPU.Deploy.0 = Debug|x86
		{53841DDE-58CB-47BF-9CCD-7E245F4AB869}.Debug|ARM.ActiveCfg = Debug|ARM
		{53841DDE-58CB-47BF-9CCD-7E245F4AB869}.Debug|ARM.Build.0 = Debug|ARM
		{53841DDE-58CB-47BF-9CCD-7E245F4AB869}.Debug|ARM.Deploy.0 = Debug|ARM
		{53841DDE-58CB-47BF-9CCD-7E245F4AB869}.Debug|iPhone.ActiveCfg = Debug|x86
		{53841DDE-58CB-47BF-9CCD-7E245F4AB869}.Debug|iPhoneSimulator.ActiveCfg = Debug|x86
		{53841DDE-58CB-47BF-9CCD-7E245F4AB869}.Debug|x64.ActiveCfg = Debug|x64
		{53841DDE-58CB-47BF-9CCD-7E245F4AB869}.Debug|x64.Build.0 = Debug|x64
		{53841DDE-58CB-47BF-9CCD-7E245F4AB869}.Debug|x64.Deploy.0 = Debug|x64
		{53841DDE-58CB-47BF-9CCD-7E245F4AB869}.Debug|x86.ActiveCfg = Debug|x86
		{53841DDE-58CB-47BF-9CCD-7E245F4AB869}.Debug|x86.Build.0 = Debug|x86
		{53841DDE-58CB-47BF-9CCD-7E245F4AB869}.Debug|x86.Deploy.0 = Debug|x86
		{53841DDE-58CB-47BF-9CCD-7E245F4AB869}.Release|Any CPU.ActiveCfg = Release|x86
		{53841DDE-58CB-47BF-9CCD-7E245F4AB869}.Release|ARM.ActiveCfg = Release|ARM
		{53841DDE-58CB-47BF-9CCD-7E245F4AB869}.Release|ARM.Build.0 = Release|ARM
		{53841DDE-58CB-47BF-9CCD-7E245F4AB869}.Release|ARM.Deploy.0 = Release|ARM
		{53841DDE-58CB-47BF-9CCD-7E245F4AB869}.Release|iPhone.ActiveCfg = Release|x86
		{53841DDE-58CB-47BF-9CCD-7E245F4AB869}.Release|iPhoneSimulator.ActiveCfg = Release|x86
		{53841DDE-58CB-47BF-9CCD-7E245F4AB869}.Release|x64.ActiveCfg = Release|x64
		{53841DDE-58CB-47BF-9CCD-7E245F4AB869}.Release|x64.Build.0 = Release|x64
		{53841DDE-58CB-47BF-9CCD-7E245F4AB869}.Release|x64.Deploy.0 = Release|x64
		{53841DDE-58CB-47BF-9CCD-7E245F4AB869}.Release|x86.ActiveCfg = Release|x86
		{53841DDE-58CB-47BF-9CCD-7E245F4AB869}.Release|x86.Build.0 = Release|x86
		{53841DDE-58CB-47BF-9CCD-7E245F4AB869}.Release|x86.Deploy.0 = Release|x86
		{7B6E3B57-7286-4766-BEED-7278984EEECE}.Ad-Hoc|Any CPU.ActiveCfg = Release|Any CPU
		{7B6E3B57-7286-4766-BEED-7278984EEECE}.Ad-Hoc|Any CPU.Build.0 = Release|Any CPU
		{7B6E3B57-7286-4766-BEED-7278984EEECE}.Ad-Hoc|Any CPU.Deploy.0 = Release|Any CPU
		{7B6E3B57-7286-4766-BEED-7278984EEECE}.Ad-Hoc|ARM.ActiveCfg = Release|ARM
		{7B6E3B57-7286-4766-BEED-7278984EEECE}.Ad-Hoc|ARM.Build.0 = Release|ARM
		{7B6E3B57-7286-4766-BEED-7278984EEECE}.Ad-Hoc|ARM.Deploy.0 = Release|ARM
		{7B6E3B57-7286-4766-BEED-7278984EEECE}.Ad-Hoc|iPhone.ActiveCfg = Release|Any CPU
		{7B6E3B57-7286-4766-BEED-7278984EEECE}.Ad-Hoc|iPhone.Build.0 = Release|Any CPU
		{7B6E3B57-7286-4766-BEED-7278984EEECE}.Ad-Hoc|iPhone.Deploy.0 = Release|Any CPU
		{7B6E3B57-7286-4766-BEED-7278984EEECE}.Ad-Hoc|iPhoneSimulator.ActiveCfg = Release|Any CPU
		{7B6E3B57-7286-4766-BEED-7278984EEECE}.Ad-Hoc|iPhoneSimulator.Build.0 = Release|Any CPU
		{7B6E3B57-7286-4766-BEED-7278984EEECE}.Ad-Hoc|iPhoneSimulator.Deploy.0 = Release|Any CPU
		{7B6E3B57-7286-4766-BEED-7278984EEECE}.Ad-Hoc|x64.ActiveCfg = Release|x64
		{7B6E3B57-7286-4766-BEED-7278984EEECE}.Ad-Hoc|x64.Build.0 = Release|x64
		{7B6E3B57-7286-4766-BEED-7278984EEECE}.Ad-Hoc|x64.Deploy.0 = Release|x64
		{7B6E3B57-7286-4766-BEED-7278984EEECE}.Ad-Hoc|x86.ActiveCfg = Release|x86
		{7B6E3B57-7286-4766-BEED-7278984EEECE}.Ad-Hoc|x86.Build.0 = Release|x86
		{7B6E3B57-7286-4766-BEED-7278984EEECE}.Ad-Hoc|x86.Deploy.0 = Release|x86
		{7B6E3B57-7286-4766-BEED-7278984EEECE}.AppStore|Any CPU.ActiveCfg = Release|Any CPU
		{7B6E3B57-7286-4766-BEED-7278984EEECE}.AppStore|Any CPU.Build.0 = Release|Any CPU
		{7B6E3B57-7286-4766-BEED-7278984EEECE}.AppStore|Any CPU.Deploy.0 = Release|Any CPU
		{7B6E3B57-7286-4766-BEED-7278984EEECE}.AppStore|ARM.ActiveCfg = Release|ARM
		{7B6E3B57-7286-4766-BEED-7278984EEECE}.AppStore|ARM.Build.0 = Release|ARM
		{7B6E3B57-7286-4766-BEED-7278984EEECE}.AppStore|ARM.Deploy.0 = Release|ARM
		{7B6E3B57-7286-4766-BEED-7278984EEECE}.AppStore|iPhone.ActiveCfg = Release|Any CPU
		{7B6E3B57-7286-4766-BEED-7278984EEECE}.AppStore|iPhone.Build.0 = Release|Any CPU
		{7B6E3B57-7286-4766-BEED-7278984EEECE}.AppStore|iPhone.Deploy.0 = Release|Any CPU
		{7B6E3B57-7286-4766-BEED-7278984EEECE}.AppStore|iPhoneSimulator.ActiveCfg = Release|Any CPU
		{7B6E3B57-7286-4766-BEED-7278984EEECE}.AppStore|iPhoneSimulator.Build.0 = Release|Any CPU
		{7B6E3B57-7286-4766-BEED-7278984EEECE}.AppStore|iPhoneSimulator.Deploy.0 = Release|Any CPU
		{7B6E3B57-7286-4766-BEED-7278984EEECE}.AppStore|x64.ActiveCfg = Release|x64
		{7B6E3B57-7286-4766-BEED-7278984EEECE}.AppStore|x64.Build.0 = Release|x64
		{7B6E3B57-7286-4766-BEED-7278984EEECE}.AppStore|x64.Deploy.0 = Release|x64
		{7B6E3B57-7286-4766-BEED-7278984EEECE}.AppStore|x86.ActiveCfg = Release|x86
		{7B6E3B57-7286-4766-BEED-7278984EEECE}.AppStore|x86.Build.0 = Release|x86
		{7B6E3B57-7286-4766-BEED-7278984EEECE}.AppStore|x86.Deploy.0 = Release|x86
		{7B6E3B57-7286-4766-BEED-7278984EEECE}.Debug|Any CPU.ActiveCfg = Debug|Any CPU
		{7B6E3B57-7286-4766-BEED-7278984EEECE}.Debug|ARM.ActiveCfg = Debug|ARM
		{7B6E3B57-7286-4766-BEED-7278984EEECE}.Debug|ARM.Build.0 = Debug|ARM
		{7B6E3B57-7286-4766-BEED-7278984EEECE}.Debug|ARM.Deploy.0 = Debug|ARM
		{7B6E3B57-7286-4766-BEED-7278984EEECE}.Debug|iPhone.ActiveCfg = Debug|Any CPU
		{7B6E3B57-7286-4766-BEED-7278984EEECE}.Debug|iPhone.Build.0 = Debug|Any CPU
		{7B6E3B57-7286-4766-BEED-7278984EEECE}.Debug|iPhone.Deploy.0 = Debug|Any CPU
		{7B6E3B57-7286-4766-BEED-7278984EEECE}.Debug|iPhoneSimulator.ActiveCfg = Debug|Any CPU
		{7B6E3B57-7286-4766-BEED-7278984EEECE}.Debug|iPhoneSimulator.Build.0 = Debug|Any CPU
		{7B6E3B57-7286-4766-BEED-7278984EEECE}.Debug|iPhoneSimulator.Deploy.0 = Debug|Any CPU
		{7B6E3B57-7286-4766-BEED-7278984EEECE}.Debug|x64.ActiveCfg = Debug|x64
		{7B6E3B57-7286-4766-BEED-7278984EEECE}.Debug|x64.Build.0 = Debug|x64
		{7B6E3B57-7286-4766-BEED-7278984EEECE}.Debug|x64.Deploy.0 = Debug|x64
		{7B6E3B57-7286-4766-BEED-7278984EEECE}.Debug|x86.ActiveCfg = Debug|x86
		{7B6E3B57-7286-4766-BEED-7278984EEECE}.Debug|x86.Build.0 = Debug|x86
		{7B6E3B57-7286-4766-BEED-7278984EEECE}.Debug|x86.Deploy.0 = Debug|x86
		{7B6E3B57-7286-4766-BEED-7278984EEECE}.Release|Any CPU.ActiveCfg = Release|Any CPU
		{7B6E3B57-7286-4766-BEED-7278984EEECE}.Release|Any CPU.Build.0 = Release|Any CPU
		{7B6E3B57-7286-4766-BEED-7278984EEECE}.Release|Any CPU.Deploy.0 = Release|Any CPU
		{7B6E3B57-7286-4766-BEED-7278984EEECE}.Release|ARM.ActiveCfg = Release|ARM
		{7B6E3B57-7286-4766-BEED-7278984EEECE}.Release|ARM.Build.0 = Release|ARM
		{7B6E3B57-7286-4766-BEED-7278984EEECE}.Release|ARM.Deploy.0 = Release|ARM
		{7B6E3B57-7286-4766-BEED-7278984EEECE}.Release|iPhone.ActiveCfg = Release|Any CPU
		{7B6E3B57-7286-4766-BEED-7278984EEECE}.Release|iPhone.Build.0 = Release|Any CPU
		{7B6E3B57-7286-4766-BEED-7278984EEECE}.Release|iPhone.Deploy.0 = Release|Any CPU
		{7B6E3B57-7286-4766-BEED-7278984EEECE}.Release|iPhoneSimulator.ActiveCfg = Release|Any CPU
		{7B6E3B57-7286-4766-BEED-7278984EEECE}.Release|iPhoneSimulator.Build.0 = Release|Any CPU
		{7B6E3B57-7286-4766-BEED-7278984EEECE}.Release|iPhoneSimulator.Deploy.0 = Release|Any CPU
		{7B6E3B57-7286-4766-BEED-7278984EEECE}.Release|x64.ActiveCfg = Release|x64
		{7B6E3B57-7286-4766-BEED-7278984EEECE}.Release|x64.Build.0 = Release|x64
		{7B6E3B57-7286-4766-BEED-7278984EEECE}.Release|x64.Deploy.0 = Release|x64
		{7B6E3B57-7286-4766-BEED-7278984EEECE}.Release|x86.ActiveCfg = Release|x86
		{7B6E3B57-7286-4766-BEED-7278984EEECE}.Release|x86.Build.0 = Release|x86
		{7B6E3B57-7286-4766-BEED-7278984EEECE}.Release|x86.Deploy.0 = Release|x86
	EndGlobalSection
	GlobalSection(SolutionProperties) = preSolution
		HideSolutionNode = FALSE
	EndGlobalSection
EndGlobal
